
Microsoft Visual Studio Solution File, Format Version 12.00
# Visual Studio 15
Project("{FAE04EC0-301F-11D3-BF4B-00C04F79EFBC}") = "UnityEngine.TestRunner", "UnityEngine.TestRunner.csproj", "{71B794EB-126A-2FD3-48CA-B2661B8C29EC}"
EndProject
Project("{FAE04EC0-301F-11D3-BF4B-00C04F79EFBC}") = "Unity.Mathematics", "Unity.Mathematics.csproj", "{A13F01B4-5ADC-D974-D39A-11A5411A75C9}"
EndProject
Project("{FAE04EC0-301F-11D3-BF4B-00C04F79EFBC}") = "Unity.2D.Animation.Triangle.Runtime", "Unity.2D.Animation.Triangle.Runtime.csproj", "{75131AEF-E560-10C6-7D53-56173F0AD598}"
EndProject
Project("{FAE04EC0-301F-11D3-BF4B-00C04F79EFBC}") = "Unity.Timeline", "Unity.Timeline.csproj", "{2FF777F2-5406-11CC-83FF-990D9ECFF3EE}"
EndProject
Project("{FAE04EC0-301F-11D3-BF4B-00C04F79EFBC}") = "UnityEngine.UI", "UnityEngine.UI.csproj", "{93C81E56-643E-6F34-D796-789276D80FCB}"
EndProject
Project("{FAE04EC0-301F-11D3-BF4B-00C04F79EFBC}") = "Unity.TextMeshPro", "Unity.TextMeshPro.csproj", "{D0D26F9E-AA78-58DF-69CD-855D246113F0}"
EndProject
Project("{FAE04EC0-301F-11D3-BF4B-00C04F79EFBC}") = "Unity.2D.Animation.Runtime", "Unity.2D.Animation.Runtime.csproj", "{F3AE1F77-1A1D-9DCB-4449-AD309AF6C0FC}"
EndProject
Project("{FAE04EC0-301F-11D3-BF4B-00C04F79EFBC}") = "Unity.2D.IK.Runtime", "Unity.2D.IK.Runtime.csproj", "{AC6333F2-2722-5115-0ABF-DFAFA00D97A8}"
EndProject
Project("{FAE04EC0-301F-11D3-BF4B-00C04F79EFBC}") = "Unity.Notifications.Android", "Unity.Notifications.Android.csproj", "{D53CC6DE-72BE-B663-8FB3-FCD66CEB45EF}"
EndProject
Project("{FAE04EC0-301F-11D3-BF4B-00C04F79EFBC}") = "Unity.2D.SpriteShape.Runtime", "Unity.2D.SpriteShape.Runtime.csproj", "{990FAF8E-55AB-F169-0190-48613F5A4446}"
EndProject
Project("{FAE04EC0-301F-11D3-BF4B-00C04F79EFBC}") = "Unity.Notifications.iOS", "Unity.Notifications.iOS.csproj", "{AFC6FB75-73B2-D03B-5B17-07B51A6C2CA9}"
EndProject
Project("{FAE04EC0-301F-11D3-BF4B-00C04F79EFBC}") = "Unity.2D.PixelPerfect", "Unity.2D.PixelPerfect.csproj", "{044D1A6B-6E62-3C8A-504A-1CD0FDAD31FD}"
EndProject
Project("{FAE04EC0-301F-11D3-BF4B-00C04F79EFBC}") = "Unity.2D.Common.Runtime", "Unity.2D.Common.Runtime.csproj", "{6F4EBEDC-BFF7-C991-324C-61C36CBE6029}"
EndProject
Project("{FAE04EC0-301F-11D3-BF4B-00C04F79EFBC}") = "Unity.InternalAPIEngineBridge.001", "Unity.InternalAPIEngineBridge.001.csproj", "{DED42975-F573-AB68-3B46-8BE11419845C}"
EndProject
Project("{FAE04EC0-301F-11D3-BF4B-00C04F79EFBC}") = "Assembly-CSharp", "Assembly-CSharp.csproj", "{87B04600-AE14-14FC-A0CB-1B2D2FAE2A2D}"
EndProject
Project("{FAE04EC0-301F-11D3-BF4B-00C04F79EFBC}") = "UnityEditor.TestRunner", "UnityEditor.TestRunner.csproj", "{D89859FC-335F-E691-341E-ECFA9EE0C164}"
EndProject
Project("{FAE04EC0-301F-11D3-BF4B-00C04F79EFBC}") = "Unity.PlasticSCM.Editor", "Unity.PlasticSCM.Editor.csproj", "{5260685D-6DF6-7195-63A5-817D41A5A5C1}"
EndProject
Project("{FAE04EC0-301F-11D3-BF4B-00C04F79EFBC}") = "UnityEditor.UI", "UnityEditor.UI.csproj", "{0BB0BCA3-F386-FC65-1112-757BBA0F8B6E}"
EndProject
Project("{FAE04EC0-301F-11D3-BF4B-00C04F79EFBC}") = "Unity.Timeline.Editor", "Unity.Timeline.Editor.csproj", "{212AC90F-74BC-D3DC-89C0-698FEB7CB728}"
EndProject
Project("{FAE04EC0-301F-11D3-BF4B-00C04F79EFBC}") = "Unity.VisualStudio.Editor", "Unity.VisualStudio.Editor.csproj", "{7D1227D2-65E5-7B4E-BD23-296A57434773}"
EndProject
Project("{FAE04EC0-301F-11D3-BF4B-00C04F79EFBC}") = "Unity.2D.Psdimporter.Editor", "Unity.2D.Psdimporter.Editor.csproj", "{C6798559-A82C-1C19-6B6B-9178AE6DE62F}"
EndProject
Project("{FAE04EC0-301F-11D3-BF4B-00C04F79EFBC}") = "Unity.2D.Animation.Editor", "Unity.2D.Animation.Editor.csproj", "{C19A4B71-A200-A090-B8EC-6113D7FDFEAB}"
EndProject
Project("{FAE04EC0-301F-11D3-BF4B-00C04F79EFBC}") = "Unity.TextMeshPro.Editor", "Unity.TextMeshPro.Editor.csproj", "{E7B63613-B2C3-823A-7E48-0F7AAAC80ED2}"
EndProject
Project("{FAE04EC0-301F-11D3-BF4B-00C04F79EFBC}") = "Unity.2D.SpriteShape.Editor", "Unity.2D.SpriteShape.Editor.csproj", "{9EE53E51-5903-D4E8-9927-4FBBA4F73842}"
EndProject
Project("{FAE04EC0-301F-11D3-BF4B-00C04F79EFBC}") = "Unity.CollabProxy.Editor", "Unity.CollabProxy.Editor.csproj", "{7200254B-21C7-1BF3-09CD-2BD302AF6E34}"
EndProject
Project("{FAE04EC0-301F-11D3-BF4B-00C04F79EFBC}") = "PsdPlugin", "PsdPlugin.csproj", "{E503C983-BDDB-E74A-B861-A7B97AF8B6AD}"
EndProject
Project("{FAE04EC0-301F-11D3-BF4B-00C04F79EFBC}") = "Unity.2D.Path.Editor", "Unity.2D.Path.Editor.csproj", "{968F2AFC-A844-534B-289F-F90CD2163331}"
EndProject
Project("{FAE04EC0-301F-11D3-BF4B-00C04F79EFBC}") = "Unity.Mobile.AndroidLogcat.Editor", "Unity.Mobile.AndroidLogcat.Editor.csproj", "{AA80978C-5F53-2E1D-D208-66C9CD6D9C34}"
EndProject
Project("{FAE04EC0-301F-11D3-BF4B-00C04F79EFBC}") = "Unity.Rider.Editor", "Unity.Rider.Editor.csproj", "{3E6832D0-29C3-ECDC-ACFA-B8A7EC8A710A}"
EndProject
Project("{FAE04EC0-301F-11D3-BF4B-00C04F79EFBC}") = "Unity.2D.IK.Editor", "Unity.2D.IK.Editor.csproj", "{2C3A0D09-8433-A413-995A-D29A5CB4D4F2}"
EndProject
Project("{FAE04EC0-301F-11D3-BF4B-00C04F79EFBC}") = "Unity.2D.Sprite.Editor", "Unity.2D.Sprite.Editor.csproj", "{7949174B-A473-54EB-7017-53D97C68BFEB}"
EndProject
Project("{FAE04EC0-301F-11D3-BF4B-00C04F79EFBC}") = "Unity.2D.Tilemap.Editor", "Unity.2D.Tilemap.Editor.csproj", "{45824C39-00FD-9C9D-B349-D512AE290F7D}"
EndProject
Project("{FAE04EC0-301F-11D3-BF4B-00C04F79EFBC}") = "Unity.2D.PixelPerfect.Editor", "Unity.2D.PixelPerfect.Editor.csproj", "{FEFC5E34-9FE3-E215-E958-37A46665C058}"
EndProject
Project("{FAE04EC0-301F-11D3-BF4B-00C04F79EFBC}") = "Unity.VSCode.Editor", "Unity.VSCode.Editor.csproj", "{C4BFEBD9-BA00-C411-4548-3EA2C149EA05}"
EndProject
Project("{FAE04EC0-301F-11D3-BF4B-00C04F79EFBC}") = "Unity.Notifications", "Unity.Notifications.csproj", "{2923C3CE-3D1C-6C2F-0609-F0F0DC15DA74}"
EndProject
Project("{FAE04EC0-301F-11D3-BF4B-00C04F79EFBC}") = "Unity.2D.Common.Editor", "Unity.2D.Common.Editor.csproj", "{1D4A19A6-66F6-5028-9928-20BE7D29DD97}"
EndProject
Project("{FAE04EC0-301F-11D3-BF4B-00C04F79EFBC}") = "Unity.Mathematics.Editor", "Unity.Mathematics.Editor.csproj", "{431CB8A3-0E23-6017-3D87-98DED061DF69}"
EndProject
Project("{FAE04EC0-301F-11D3-BF4B-00C04F79EFBC}") = "Unity.InternalAPIEditorBridge.001", "Unity.InternalAPIEditorBridge.001.csproj", "{C6DEACA0-DE9F-978F-1A59-C7CD29480A97}"
EndProject
Project("{FAE04EC0-301F-11D3-BF4B-00C04F79EFBC}") = "Assembly-CSharp-Editor-firstpass", "Assembly-CSharp-Editor-firstpass.csproj", "{A35E075C-8A0D-C254-9058-00859CFE3BD6}"
EndProject
Project("{FAE04EC0-301F-11D3-BF4B-00C04F79EFBC}") = "UnityEngine.TestRunner", "UnityEngine.TestRunner.Player.csproj", "{4F124775-1C82-EACF-3587-56B774D901A6}"
EndProject
Project("{FAE04EC0-301F-11D3-BF4B-00C04F79EFBC}") = "Unity.Mathematics", "Unity.Mathematics.Player.csproj", "{DA946433-4792-FE27-B481-DA1009C55161}"
EndProject
Project("{FAE04EC0-301F-11D3-BF4B-00C04F79EFBC}") = "Unity.2D.Animation.Triangle.Runtime", "Unity.2D.Animation.Triangle.Runtime.Player.csproj", "{841E22BD-221B-FE6B-CA74-84427444F7AE}"
EndProject
Project("{FAE04EC0-301F-11D3-BF4B-00C04F79EFBC}") = "Unity.Timeline", "Unity.Timeline.Player.csproj", "{54518D77-8212-4329-CC53-ECFD668EF578}"
EndProject
Project("{FAE04EC0-301F-11D3-BF4B-00C04F79EFBC}") = "UnityEngine.UI", "UnityEngine.UI.Player.csproj", "{FBFB926C-1676-C097-3BF3-4B34156A9ABE}"
EndProject
Project("{FAE04EC0-301F-11D3-BF4B-00C04F79EFBC}") = "Unity.TextMeshPro", "Unity.TextMeshPro.Player.csproj", "{32B0ABAB-13C4-FA6E-05E4-6C74C586B8A8}"
EndProject
Project("{FAE04EC0-301F-11D3-BF4B-00C04F79EFBC}") = "Unity.2D.Animation.Runtime", "Unity.2D.Animation.Runtime.Player.csproj", "{5A99AD8E-4A4F-403C-FE01-350C33B2A248}"
EndProject
Project("{FAE04EC0-301F-11D3-BF4B-00C04F79EFBC}") = "Unity.2D.IK.Runtime", "Unity.2D.IK.Runtime.Player.csproj", "{7FF6749C-8E03-62BD-2BC2-72206F9E6A15}"
EndProject
Project("{FAE04EC0-301F-11D3-BF4B-00C04F79EFBC}") = "Unity.Notifications.Android", "Unity.Notifications.Android.Player.csproj", "{B76A2593-FAED-6BD6-F987-B26C83949667}"
EndProject
Project("{FAE04EC0-301F-11D3-BF4B-00C04F79EFBC}") = "Unity.2D.SpriteShape.Runtime", "Unity.2D.SpriteShape.Runtime.Player.csproj", "{47F60449-526B-E04B-6F3A-DD93049CBE52}"
EndProject
Project("{FAE04EC0-301F-11D3-BF4B-00C04F79EFBC}") = "Unity.2D.PixelPerfect", "Unity.2D.PixelPerfect.Player.csproj", "{2025C38A-45C8-1E8B-AAEB-BDC687C9C086}"
EndProject
Project("{FAE04EC0-301F-11D3-BF4B-00C04F79EFBC}") = "Unity.2D.Common.Runtime", "Unity.2D.Common.Runtime.Player.csproj", "{12385934-981E-3D67-C97B-09B64A68F08D}"
EndProject
Project("{FAE04EC0-301F-11D3-BF4B-00C04F79EFBC}") = "Unity.InternalAPIEngineBridge.001", "Unity.InternalAPIEngineBridge.001.Player.csproj", "{35786176-6491-7637-7ACE-02BCD01B3359}"
EndProject
Project("{FAE04EC0-301F-11D3-BF4B-00C04F79EFBC}") = "Assembly-CSharp", "Assembly-CSharp.Player.csproj", "{54223F46-3242-4367-0CFC-72AFBB7218C5}"
EndProject
Global
	GlobalSection(SolutionConfigurationPlatforms) = preSolution
		Debug|Any CPU = Debug|Any CPU
		Release|Any CPU = Release|Any CPU
	EndGlobalSection
	GlobalSection(ProjectConfigurationPlatforms) = postSolution
		{71B794EB-126A-2FD3-48CA-B2661B8C29EC}.Debug|Any CPU.ActiveCfg = Debug|Any CPU
		{71B794EB-126A-2FD3-48CA-B2661B8C29EC}.Debug|Any CPU.Build.0 = Debug|Any CPU
		{71B794EB-126A-2FD3-48CA-B2661B8C29EC}.Release|Any CPU.ActiveCfg = Release|Any CPU
		{71B794EB-126A-2FD3-48CA-B2661B8C29EC}.Release|Any CPU.Build.0 = Release|Any CPU
		{A13F01B4-5ADC-D974-D39A-11A5411A75C9}.Debug|Any CPU.ActiveCfg = Debug|Any CPU
		{A13F01B4-5ADC-D974-D39A-11A5411A75C9}.Debug|Any CPU.Build.0 = Debug|Any CPU
		{A13F01B4-5ADC-D974-D39A-11A5411A75C9}.Release|Any CPU.ActiveCfg = Release|Any CPU
		{A13F01B4-5ADC-D974-D39A-11A5411A75C9}.Release|Any CPU.Build.0 = Release|Any CPU
		{75131AEF-E560-10C6-7D53-56173F0AD598}.Debug|Any CPU.ActiveCfg = Debug|Any CPU
		{75131AEF-E560-10C6-7D53-56173F0AD598}.Debug|Any CPU.Build.0 = Debug|Any CPU
		{75131AEF-E560-10C6-7D53-56173F0AD598}.Release|Any CPU.ActiveCfg = Release|Any CPU
		{75131AEF-E560-10C6-7D53-56173F0AD598}.Release|Any CPU.Build.0 = Release|Any CPU
		{2FF777F2-5406-11CC-83FF-990D9ECFF3EE}.Debug|Any CPU.ActiveCfg = Debug|Any CPU
		{2FF777F2-5406-11CC-83FF-990D9ECFF3EE}.Debug|Any CPU.Build.0 = Debug|Any CPU
		{2FF777F2-5406-11CC-83FF-990D9ECFF3EE}.Release|Any CPU.ActiveCfg = Release|Any CPU
		{2FF777F2-5406-11CC-83FF-990D9ECFF3EE}.Release|Any CPU.Build.0 = Release|Any CPU
		{93C81E56-643E-6F34-D796-789276D80FCB}.Debug|Any CPU.ActiveCfg = Debug|Any CPU
		{93C81E56-643E-6F34-D796-789276D80FCB}.Debug|Any CPU.Build.0 = Debug|Any CPU
		{93C81E56-643E-6F34-D796-789276D80FCB}.Release|Any CPU.ActiveCfg = Release|Any CPU
		{93C81E56-643E-6F34-D796-789276D80FCB}.Release|Any CPU.Build.0 = Release|Any CPU
		{D0D26F9E-AA78-58DF-69CD-855D246113F0}.Debug|Any CPU.ActiveCfg = Debug|Any CPU
		{D0D26F9E-AA78-58DF-69CD-855D246113F0}.Debug|Any CPU.Build.0 = Debug|Any CPU
		{D0D26F9E-AA78-58DF-69CD-855D246113F0}.Release|Any CPU.ActiveCfg = Release|Any CPU
		{D0D26F9E-AA78-58DF-69CD-855D246113F0}.Release|Any CPU.Build.0 = Release|Any CPU
		{F3AE1F77-1A1D-9DCB-4449-AD309AF6C0FC}.Debug|Any CPU.ActiveCfg = Debug|Any CPU
		{F3AE1F77-1A1D-9DCB-4449-AD309AF6C0FC}.Debug|Any CPU.Build.0 = Debug|Any CPU
		{F3AE1F77-1A1D-9DCB-4449-AD309AF6C0FC}.Release|Any CPU.ActiveCfg = Release|Any CPU
		{F3AE1F77-1A1D-9DCB-4449-AD309AF6C0FC}.Release|Any CPU.Build.0 = Release|Any CPU
		{AC6333F2-2722-5115-0ABF-DFAFA00D97A8}.Debug|Any CPU.ActiveCfg = Debug|Any CPU
		{AC6333F2-2722-5115-0ABF-DFAFA00D97A8}.Debug|Any CPU.Build.0 = Debug|Any CPU
		{AC6333F2-2722-5115-0ABF-DFAFA00D97A8}.Release|Any CPU.ActiveCfg = Release|Any CPU
		{AC6333F2-2722-5115-0ABF-DFAFA00D97A8}.Release|Any CPU.Build.0 = Release|Any CPU
		{D53CC6DE-72BE-B663-8FB3-FCD66CEB45EF}.Debug|Any CPU.ActiveCfg = Debug|Any CPU
		{D53CC6DE-72BE-B663-8FB3-FCD66CEB45EF}.Debug|Any CPU.Build.0 = Debug|Any CPU
		{D53CC6DE-72BE-B663-8FB3-FCD66CEB45EF}.Release|Any CPU.ActiveCfg = Release|Any CPU
		{D53CC6DE-72BE-B663-8FB3-FCD66CEB45EF}.Release|Any CPU.Build.0 = Release|Any CPU
		{990FAF8E-55AB-F169-0190-48613F5A4446}.Debug|Any CPU.ActiveCfg = Debug|Any CPU
		{990FAF8E-55AB-F169-0190-48613F5A4446}.Debug|Any CPU.Build.0 = Debug|Any CPU
		{990FAF8E-55AB-F169-0190-48613F5A4446}.Release|Any CPU.ActiveCfg = Release|Any CPU
		{990FAF8E-55AB-F169-0190-48613F5A4446}.Release|Any CPU.Build.0 = Release|Any CPU
		{AFC6FB75-73B2-D03B-5B17-07B51A6C2CA9}.Debug|Any CPU.ActiveCfg = Debug|Any CPU
		{AFC6FB75-73B2-D03B-5B17-07B51A6C2CA9}.Debug|Any CPU.Build.0 = Debug|Any CPU
		{AFC6FB75-73B2-D03B-5B17-07B51A6C2CA9}.Release|Any CPU.ActiveCfg = Release|Any CPU
		{AFC6FB75-73B2-D03B-5B17-07B51A6C2CA9}.Release|Any CPU.Build.0 = Release|Any CPU
		{044D1A6B-6E62-3C8A-504A-1CD0FDAD31FD}.Debug|Any CPU.ActiveCfg = Debug|Any CPU
		{044D1A6B-6E62-3C8A-504A-1CD0FDAD31FD}.Debug|Any CPU.Build.0 = Debug|Any CPU
		{044D1A6B-6E62-3C8A-504A-1CD0FDAD31FD}.Release|Any CPU.ActiveCfg = Release|Any CPU
		{044D1A6B-6E62-3C8A-504A-1CD0FDAD31FD}.Release|Any CPU.Build.0 = Release|Any CPU
		{6F4EBEDC-BFF7-C991-324C-61C36CBE6029}.Debug|Any CPU.ActiveCfg = Debug|Any CPU
		{6F4EBEDC-BFF7-C991-324C-61C36CBE6029}.Debug|Any CPU.Build.0 = Debug|Any CPU
		{6F4EBEDC-BFF7-C991-324C-61C36CBE6029}.Release|Any CPU.ActiveCfg = Release|Any CPU
		{6F4EBEDC-BFF7-C991-324C-61C36CBE6029}.Release|Any CPU.Build.0 = Release|Any CPU
		{DED42975-F573-AB68-3B46-8BE11419845C}.Debug|Any CPU.ActiveCfg = Debug|Any CPU
		{DED42975-F573-AB68-3B46-8BE11419845C}.Debug|Any CPU.Build.0 = Debug|Any CPU
		{DED42975-F573-AB68-3B46-8BE11419845C}.Release|Any CPU.ActiveCfg = Release|Any CPU
		{DED42975-F573-AB68-3B46-8BE11419845C}.Release|Any CPU.Build.0 = Release|Any CPU
		{87B04600-AE14-14FC-A0CB-1B2D2FAE2A2D}.Debug|Any CPU.ActiveCfg = Debug|Any CPU
		{87B04600-AE14-14FC-A0CB-1B2D2FAE2A2D}.Debug|Any CPU.Build.0 = Debug|Any CPU
		{87B04600-AE14-14FC-A0CB-1B2D2FAE2A2D}.Release|Any CPU.ActiveCfg = Release|Any CPU
		{87B04600-AE14-14FC-A0CB-1B2D2FAE2A2D}.Release|Any CPU.Build.0 = Release|Any CPU
		{D89859FC-335F-E691-341E-ECFA9EE0C164}.Debug|Any CPU.ActiveCfg = Debug|Any CPU
		{D89859FC-335F-E691-341E-ECFA9EE0C164}.Debug|Any CPU.Build.0 = Debug|Any CPU
		{D89859FC-335F-E691-341E-ECFA9EE0C164}.Release|Any CPU.ActiveCfg = Release|Any CPU
		{D89859FC-335F-E691-341E-ECFA9EE0C164}.Release|Any CPU.Build.0 = Release|Any CPU
		{5260685D-6DF6-7195-63A5-817D41A5A5C1}.Debug|Any CPU.ActiveCfg = Debug|Any CPU
		{5260685D-6DF6-7195-63A5-817D41A5A5C1}.Debug|Any CPU.Build.0 = Debug|Any CPU
		{5260685D-6DF6-7195-63A5-817D41A5A5C1}.Release|Any CPU.ActiveCfg = Release|Any CPU
		{5260685D-6DF6-7195-63A5-817D41A5A5C1}.Release|Any CPU.Build.0 = Release|Any CPU
		{0BB0BCA3-F386-FC65-1112-757BBA0F8B6E}.Debug|Any CPU.ActiveCfg = Debug|Any CPU
		{0BB0BCA3-F386-FC65-1112-757BBA0F8B6E}.Debug|Any CPU.Build.0 = Debug|Any CPU
		{0BB0BCA3-F386-FC65-1112-757BBA0F8B6E}.Release|Any CPU.ActiveCfg = Release|Any CPU
		{0BB0BCA3-F386-FC65-1112-757BBA0F8B6E}.Release|Any CPU.Build.0 = Release|Any CPU
		{212AC90F-74BC-D3DC-89C0-698FEB7CB728}.Debug|Any CPU.ActiveCfg = Debug|Any CPU
		{212AC90F-74BC-D3DC-89C0-698FEB7CB728}.Debug|Any CPU.Build.0 = Debug|Any CPU
		{212AC90F-74BC-D3DC-89C0-698FEB7CB728}.Release|Any CPU.ActiveCfg = Release|Any CPU
		{212AC90F-74BC-D3DC-89C0-698FEB7CB728}.Release|Any CPU.Build.0 = Release|Any CPU
		{7D1227D2-65E5-7B4E-BD23-296A57434773}.Debug|Any CPU.ActiveCfg = Debug|Any CPU
		{7D1227D2-65E5-7B4E-BD23-296A57434773}.Debug|Any CPU.Build.0 = Debug|Any CPU
		{7D1227D2-65E5-7B4E-BD23-296A57434773}.Release|Any CPU.ActiveCfg = Release|Any CPU
		{7D1227D2-65E5-7B4E-BD23-296A57434773}.Release|Any CPU.Build.0 = Release|Any CPU
		{C6798559-A82C-1C19-6B6B-9178AE6DE62F}.Debug|Any CPU.ActiveCfg = Debug|Any CPU
		{C6798559-A82C-1C19-6B6B-9178AE6DE62F}.Debug|Any CPU.Build.0 = Debug|Any CPU
		{C6798559-A82C-1C19-6B6B-9178AE6DE62F}.Release|Any CPU.ActiveCfg = Release|Any CPU
		{C6798559-A82C-1C19-6B6B-9178AE6DE62F}.Release|Any CPU.Build.0 = Release|Any CPU
		{C19A4B71-A200-A090-B8EC-6113D7FDFEAB}.Debug|Any CPU.ActiveCfg = Debug|Any CPU
		{C19A4B71-A200-A090-B8EC-6113D7FDFEAB}.Debug|Any CPU.Build.0 = Debug|Any CPU
		{C19A4B71-A200-A090-B8EC-6113D7FDFEAB}.Release|Any CPU.ActiveCfg = Release|Any CPU
		{C19A4B71-A200-A090-B8EC-6113D7FDFEAB}.Release|Any CPU.Build.0 = Release|Any CPU
		{E7B63613-B2C3-823A-7E48-0F7AAAC80ED2}.Debug|Any CPU.ActiveCfg = Debug|Any CPU
		{E7B63613-B2C3-823A-7E48-0F7AAAC80ED2}.Debug|Any CPU.Build.0 = Debug|Any CPU
		{E7B63613-B2C3-823A-7E48-0F7AAAC80ED2}.Release|Any CPU.ActiveCfg = Release|Any CPU
		{E7B63613-B2C3-823A-7E48-0F7AAAC80ED2}.Release|Any CPU.Build.0 = Release|Any CPU
		{9EE53E51-5903-D4E8-9927-4FBBA4F73842}.Debug|Any CPU.ActiveCfg = Debug|Any CPU
		{9EE53E51-5903-D4E8-9927-4FBBA4F73842}.Debug|Any CPU.Build.0 = Debug|Any CPU
		{9EE53E51-5903-D4E8-9927-4FBBA4F73842}.Release|Any CPU.ActiveCfg = Release|Any CPU
		{9EE53E51-5903-D4E8-9927-4FBBA4F73842}.Release|Any CPU.Build.0 = Release|Any CPU
		{7200254B-21C7-1BF3-09CD-2BD302AF6E34}.Debug|Any CPU.ActiveCfg = Debug|Any CPU
		{7200254B-21C7-1BF3-09CD-2BD302AF6E34}.Debug|Any CPU.Build.0 = Debug|Any CPU
		{7200254B-21C7-1BF3-09CD-2BD302AF6E34}.Release|Any CPU.ActiveCfg = Release|Any CPU
		{7200254B-21C7-1BF3-09CD-2BD302AF6E34}.Release|Any CPU.Build.0 = Release|Any CPU
		{E503C983-BDDB-E74A-B861-A7B97AF8B6AD}.Debug|Any CPU.ActiveCfg = Debug|Any CPU
		{E503C983-BDDB-E74A-B861-A7B97AF8B6AD}.Debug|Any CPU.Build.0 = Debug|Any CPU
		{E503C983-BDDB-E74A-B861-A7B97AF8B6AD}.Release|Any CPU.ActiveCfg = Release|Any CPU
		{E503C983-BDDB-E74A-B861-A7B97AF8B6AD}.Release|Any CPU.Build.0 = Release|Any CPU
		{968F2AFC-A844-534B-289F-F90CD2163331}.Debug|Any CPU.ActiveCfg = Debug|Any CPU
		{968F2AFC-A844-534B-289F-F90CD2163331}.Debug|Any CPU.Build.0 = Debug|Any CPU
		{968F2AFC-A844-534B-289F-F90CD2163331}.Release|Any CPU.ActiveCfg = Release|Any CPU
		{968F2AFC-A844-534B-289F-F90CD2163331}.Release|Any CPU.Build.0 = Release|Any CPU
		{AA80978C-5F53-2E1D-D208-66C9CD6D9C34}.Debug|Any CPU.ActiveCfg = Debug|Any CPU
		{AA80978C-5F53-2E1D-D208-66C9CD6D9C34}.Debug|Any CPU.Build.0 = Debug|Any CPU
		{AA80978C-5F53-2E1D-D208-66C9CD6D9C34}.Release|Any CPU.ActiveCfg = Release|Any CPU
		{AA80978C-5F53-2E1D-D208-66C9CD6D9C34}.Release|Any CPU.Build.0 = Release|Any CPU
		{3E6832D0-29C3-ECDC-ACFA-B8A7EC8A710A}.Debug|Any CPU.ActiveCfg = Debug|Any CPU
		{3E6832D0-29C3-ECDC-ACFA-B8A7EC8A710A}.Debug|Any CPU.Build.0 = Debug|Any CPU
		{3E6832D0-29C3-ECDC-ACFA-B8A7EC8A710A}.Release|Any CPU.ActiveCfg = Release|Any CPU
		{3E6832D0-29C3-ECDC-ACFA-B8A7EC8A710A}.Release|Any CPU.Build.0 = Release|Any CPU
		{2C3A0D09-8433-A413-995A-D29A5CB4D4F2}.Debug|Any CPU.ActiveCfg = Debug|Any CPU
		{2C3A0D09-8433-A413-995A-D29A5CB4D4F2}.Debug|Any CPU.Build.0 = Debug|Any CPU
		{2C3A0D09-8433-A413-995A-D29A5CB4D4F2}.Release|Any CPU.ActiveCfg = Release|Any CPU
		{2C3A0D09-8433-A413-995A-D29A5CB4D4F2}.Release|Any CPU.Build.0 = Release|Any CPU
		{7949174B-A473-54EB-7017-53D97C68BFEB}.Debug|Any CPU.ActiveCfg = Debug|Any CPU
		{7949174B-A473-54EB-7017-53D97C68BFEB}.Debug|Any CPU.Build.0 = Debug|Any CPU
		{7949174B-A473-54EB-7017-53D97C68BFEB}.Release|Any CPU.ActiveCfg = Release|Any CPU
		{7949174B-A473-54EB-7017-53D97C68BFEB}.Release|Any CPU.Build.0 = Release|Any CPU
		{45824C39-00FD-9C9D-B349-D512AE290F7D}.Debug|Any CPU.ActiveCfg = Debug|Any CPU
		{45824C39-00FD-9C9D-B349-D512AE290F7D}.Debug|Any CPU.Build.0 = Debug|Any CPU
		{45824C39-00FD-9C9D-B349-D512AE290F7D}.Release|Any CPU.ActiveCfg = Release|Any CPU
		{45824C39-00FD-9C9D-B349-D512AE290F7D}.Release|Any CPU.Build.0 = Release|Any CPU
		{FEFC5E34-9FE3-E215-E958-37A46665C058}.Debug|Any CPU.ActiveCfg = Debug|Any CPU
		{FEFC5E34-9FE3-E215-E958-37A46665C058}.Debug|Any CPU.Build.0 = Debug|Any CPU
		{FEFC5E34-9FE3-E215-E958-37A46665C058}.Release|Any CPU.ActiveCfg = Release|Any CPU
		{FEFC5E34-9FE3-E215-E958-37A46665C058}.Release|Any CPU.Build.0 = Release|Any CPU
		{C4BFEBD9-BA00-C411-4548-3EA2C149EA05}.Debug|Any CPU.ActiveCfg = Debug|Any CPU
		{C4BFEBD9-BA00-C411-4548-3EA2C149EA05}.Debug|Any CPU.Build.0 = Debug|Any CPU
		{C4BFEBD9-BA00-C411-4548-3EA2C149EA05}.Release|Any CPU.ActiveCfg = Release|Any CPU
		{C4BFEBD9-BA00-C411-4548-3EA2C149EA05}.Release|Any CPU.Build.0 = Release|Any CPU
		{2923C3CE-3D1C-6C2F-0609-F0F0DC15DA74}.Debug|Any CPU.ActiveCfg = Debug|Any CPU
		{2923C3CE-3D1C-6C2F-0609-F0F0DC15DA74}.Debug|Any CPU.Build.0 = Debug|Any CPU
		{2923C3CE-3D1C-6C2F-0609-F0F0DC15DA74}.Release|Any CPU.ActiveCfg = Release|Any CPU
		{2923C3CE-3D1C-6C2F-0609-F0F0DC15DA74}.Release|Any CPU.Build.0 = Release|Any CPU
		{1D4A19A6-66F6-5028-9928-20BE7D29DD97}.Debug|Any CPU.ActiveCfg = Debug|Any CPU
		{1D4A19A6-66F6-5028-9928-20BE7D29DD97}.Debug|Any CPU.Build.0 = Debug|Any CPU
		{1D4A19A6-66F6-5028-9928-20BE7D29DD97}.Release|Any CPU.ActiveCfg = Release|Any CPU
		{1D4A19A6-66F6-5028-9928-20BE7D29DD97}.Release|Any CPU.Build.0 = Release|Any CPU
		{431CB8A3-0E23-6017-3D87-98DED061DF69}.Debug|Any CPU.ActiveCfg = Debug|Any CPU
		{431CB8A3-0E23-6017-3D87-98DED061DF69}.Debug|Any CPU.Build.0 = Debug|Any CPU
		{431CB8A3-0E23-6017-3D87-98DED061DF69}.Release|Any CPU.ActiveCfg = Release|Any CPU
		{431CB8A3-0E23-6017-3D87-98DED061DF69}.Release|Any CPU.Build.0 = Release|Any CPU
		{C6DEACA0-DE9F-978F-1A59-C7CD29480A97}.Debug|Any CPU.ActiveCfg = Debug|Any CPU
		{C6DEACA0-DE9F-978F-1A59-C7CD29480A97}.Debug|Any CPU.Build.0 = Debug|Any CPU
		{C6DEACA0-DE9F-978F-1A59-C7CD29480A97}.Release|Any CPU.ActiveCfg = Release|Any CPU
		{C6DEACA0-DE9F-978F-1A59-C7CD29480A97}.Release|Any CPU.Build.0 = Release|Any CPU
		{A35E075C-8A0D-C254-9058-00859CFE3BD6}.Debug|Any CPU.ActiveCfg = Debug|Any CPU
		{A35E075C-8A0D-C254-9058-00859CFE3BD6}.Debug|Any CPU.Build.0 = Debug|Any CPU
		{A35E075C-8A0D-C254-9058-00859CFE3BD6}.Release|Any CPU.ActiveCfg = Release|Any CPU
		{A35E075C-8A0D-C254-9058-00859CFE3BD6}.Release|Any CPU.Build.0 = Release|Any CPU
		{4F124775-1C82-EACF-3587-56B774D901A6}.Debug|Any CPU.ActiveCfg = Debug|Any CPU
		{4F124775-1C82-EACF-3587-56B774D901A6}.Debug|Any CPU.Build.0 = Debug|Any CPU
		{4F124775-1C82-EACF-3587-56B774D901A6}.Release|Any CPU.ActiveCfg = Release|Any CPU
		{4F124775-1C82-EACF-3587-56B774D901A6}.Release|Any CPU.Build.0 = Release|Any CPU
		{DA946433-4792-FE27-B481-DA1009C55161}.Debug|Any CPU.ActiveCfg = Debug|Any CPU
		{DA946433-4792-FE27-B481-DA1009C55161}.Debug|Any CPU.Build.0 = Debug|Any CPU
		{DA946433-4792-FE27-B481-DA1009C55161}.Release|Any CPU.ActiveCfg = Release|Any CPU
		{DA946433-4792-FE27-B481-DA1009C55161}.Release|Any CPU.Build.0 = Release|Any CPU
		{841E22BD-221B-FE6B-CA74-84427444F7AE}.Debug|Any CPU.ActiveCfg = Debug|Any CPU
		{841E22BD-221B-FE6B-CA74-84427444F7AE}.Debug|Any CPU.Build.0 = Debug|Any CPU
		{841E22BD-221B-FE6B-CA74-84427444F7AE}.Release|Any CPU.ActiveCfg = Release|Any CPU
		{841E22BD-221B-FE6B-CA74-84427444F7AE}.Release|Any CPU.Build.0 = Release|Any CPU
		{54518D77-8212-4329-CC53-ECFD668EF578}.Debug|Any CPU.ActiveCfg = Debug|Any CPU
		{54518D77-8212-4329-CC53-ECFD668EF578}.Debug|Any CPU.Build.0 = Debug|Any CPU
		{54518D77-8212-4329-CC53-ECFD668EF578}.Release|Any CPU.ActiveCfg = Release|Any CPU
		{54518D77-8212-4329-CC53-ECFD668EF578}.Release|Any CPU.Build.0 = Release|Any CPU
		{FBFB926C-1676-C097-3BF3-4B34156A9ABE}.Debug|Any CPU.ActiveCfg = Debug|Any CPU
		{FBFB926C-1676-C097-3BF3-4B34156A9ABE}.Debug|Any CPU.Build.0 = Debug|Any CPU
		{FBFB926C-1676-C097-3BF3-4B34156A9ABE}.Release|Any CPU.ActiveCfg = Release|Any CPU
		{FBFB926C-1676-C097-3BF3-4B34156A9ABE}.Release|Any CPU.Build.0 = Release|Any CPU
		{32B0ABAB-13C4-FA6E-05E4-6C74C586B8A8}.Debug|Any CPU.ActiveCfg = Debug|Any CPU
		{32B0ABAB-13C4-FA6E-05E4-6C74C586B8A8}.Debug|Any CPU.Build.0 = Debug|Any CPU
		{32B0ABAB-13C4-FA6E-05E4-6C74C586B8A8}.Release|Any CPU.ActiveCfg = Release|Any CPU
		{32B0ABAB-13C4-FA6E-05E4-6C74C586B8A8}.Release|Any CPU.Build.0 = Release|Any CPU
		{5A99AD8E-4A4F-403C-FE01-350C33B2A248}.Debug|Any CPU.ActiveCfg = Debug|Any CPU
		{5A99AD8E-4A4F-403C-FE01-350C33B2A248}.Debug|Any CPU.Build.0 = Debug|Any CPU
		{5A99AD8E-4A4F-403C-FE01-350C33B2A248}.Release|Any CPU.ActiveCfg = Release|Any CPU
		{5A99AD8E-4A4F-403C-FE01-350C33B2A248}.Release|Any CPU.Build.0 = Release|Any CPU
		{7FF6749C-8E03-62BD-2BC2-72206F9E6A15}.Debug|Any CPU.ActiveCfg = Debug|Any CPU
		{7FF6749C-8E03-62BD-2BC2-72206F9E6A15}.Debug|Any CPU.Build.0 = Debug|Any CPU
		{7FF6749C-8E03-62BD-2BC2-72206F9E6A15}.Release|Any CPU.ActiveCfg = Release|Any CPU
		{7FF6749C-8E03-62BD-2BC2-72206F9E6A15}.Release|Any CPU.Build.0 = Release|Any CPU
		{B76A2593-FAED-6BD6-F987-B26C83949667}.Debug|Any CPU.ActiveCfg = Debug|Any CPU
		{B76A2593-FAED-6BD6-F987-B26C83949667}.Debug|Any CPU.Build.0 = Debug|Any CPU
		{B76A2593-FAED-6BD6-F987-B26C83949667}.Release|Any CPU.ActiveCfg = Release|Any CPU
		{B76A2593-FAED-6BD6-F987-B26C83949667}.Release|Any CPU.Build.0 = Release|Any CPU
		{47F60449-526B-E04B-6F3A-DD93049CBE52}.Debug|Any CPU.ActiveCfg = Debug|Any CPU
		{47F60449-526B-E04B-6F3A-DD93049CBE52}.Debug|Any CPU.Build.0 = Debug|Any CPU
		{47F60449-526B-E04B-6F3A-DD93049CBE52}.Release|Any CPU.ActiveCfg = Release|Any CPU
		{47F60449-526B-E04B-6F3A-DD93049CBE52}.Release|Any CPU.Build.0 = Release|Any CPU
		{2025C38A-45C8-1E8B-AAEB-BDC687C9C086}.Debug|Any CPU.ActiveCfg = Debug|Any CPU
		{2025C38A-45C8-1E8B-AAEB-BDC687C9C086}.Debug|Any CPU.Build.0 = Debug|Any CPU
		{2025C38A-45C8-1E8B-AAEB-BDC687C9C086}.Release|Any CPU.ActiveCfg = Release|Any CPU
		{2025C38A-45C8-1E8B-AAEB-BDC687C9C086}.Release|Any CPU.Build.0 = Release|Any CPU
		{12385934-981E-3D67-C97B-09B64A68F08D}.Debug|Any CPU.ActiveCfg = Debug|Any CPU
		{12385934-981E-3D67-C97B-09B64A68F08D}.Debug|Any CPU.Build.0 = Debug|Any CPU
		{12385934-981E-3D67-C97B-09B64A68F08D}.Release|Any CPU.ActiveCfg = Release|Any CPU
		{12385934-981E-3D67-C97B-09B64A68F08D}.Release|Any CPU.Build.0 = Release|Any CPU
		{35786176-6491-7637-7ACE-02BCD01B3359}.Debug|Any CPU.ActiveCfg = Debug|Any CPU
		{35786176-6491-7637-7ACE-02BCD01B3359}.Debug|Any CPU.Build.0 = Debug|Any CPU
		{35786176-6491-7637-7ACE-02BCD01B3359}.Release|Any CPU.ActiveCfg = Release|Any CPU
		{35786176-6491-7637-7ACE-02BCD01B3359}.Release|Any CPU.Build.0 = Release|Any CPU
		{54223F46-3242-4367-0CFC-72AFBB7218C5}.Debug|Any CPU.ActiveCfg = Debug|Any CPU
		{54223F46-3242-4367-0CFC-72AFBB7218C5}.Debug|Any CPU.Build.0 = Debug|Any CPU
		{54223F46-3242-4367-0CFC-72AFBB7218C5}.Release|Any CPU.ActiveCfg = Release|Any CPU
		{54223F46-3242-4367-0CFC-72AFBB7218C5}.Release|Any CPU.Build.0 = Release|Any CPU
	EndGlobalSection
	GlobalSection(SolutionProperties) = preSolution
		HideSolutionNode = FALSE
	EndGlobalSection
EndGlobal
